
Microsoft Visual Studio Solution File, Format Version 12.00
# Visual Studio Version 17
VisualStudioVersion = 17.7.34009.444
MinimumVisualStudioVersion = 10.0.40219.1
Project("{FAE04EC0-301F-11D3-BF4B-00C04F79EFBC}") = "MakeHTMLDivsForArchive", "MakeHTMLDivsForArchive.csproj", "{638C24F5-9E6B-4C48-A9AD-58BC4F158746}"
EndProject
Global
	GlobalSection(SolutionConfigurationPlatforms) = preSolution
		Debug|Any CPU = Debug|Any CPU
		Release|Any CPU = Release|Any CPU
	EndGlobalSection
	GlobalSection(ProjectConfigurationPlatforms) = postSolution
		{638C24F5-9E6B-4C48-A9AD-58BC4F158746}.Debug|Any CPU.ActiveCfg = Debug|Any CPU
		{638C24F5-9E6B-4C48-A9AD-58BC4F158746}.Debug|Any CPU.Build.0 = Debug|Any CPU
		{638C24F5-9E6B-4C48-A9AD-58BC4F158746}.Release|Any CPU.ActiveCfg = Release|Any CPU
		{638C24F5-9E6B-4C48-A9AD-58BC4F158746}.Release|Any CPU.Build.0 = Release|Any CPU
	EndGlobalSection
	GlobalSection(SolutionProperties) = preSolution
		HideSolutionNode = FALSE
	EndGlobalSection
	GlobalSection(ExtensibilityGlobals) = postSolution
		SolutionGuid = {4FE9EA58-A316-4FEE-9CDD-703B5CD05BE2}
	EndGlobalSection
EndGlobal
